
Microsoft Visual Studio Solution File, Format Version 12.00
# Visual Studio Version 17
VisualStudioVersion = 17.6.33829.357
MinimumVisualStudioVersion = 10.0.40219.1
Project("{9A19103F-16F7-4668-BE54-9A1E7A4F7556}") = "Domain", "Domain\Domain.csproj", "{9654491D-ED08-45BC-9995-9EEC8EB8205F}"
EndProject
Project("{9A19103F-16F7-4668-BE54-9A1E7A4F7556}") = "Application", "Application\Application.csproj", "{1C35F145-AF1F-43F4-8904-CCD7EC9052D3}"
EndProject
Project("{9A19103F-16F7-4668-BE54-9A1E7A4F7556}") = "Infrastructure", "Infrastructure\Infrastructure.csproj", "{60ACEB70-8412-457B-B523-C0554A0C7263}"
EndProject
Project("{9A19103F-16F7-4668-BE54-9A1E7A4F7556}") = "ConsoleAppZWG", "ConsoleApp\ConsoleAppZWG.csproj", "{C4CDE752-B319-4DE8-B0F4-BA6AF55B6B60}"
EndProject
Project("{FAE04EC0-301F-11D3-BF4B-00C04F79EFBC}") = "ConsoleAppUSD", "ConsoleAppUSD\ConsoleAppUSD.csproj", "{DFEA1CFD-4A7A-4F40-81A5-E8609956D27A}"
EndProject
Global
	GlobalSection(SolutionConfigurationPlatforms) = preSolution
		Debug|Any CPU = Debug|Any CPU
		Release|Any CPU = Release|Any CPU
	EndGlobalSection
	GlobalSection(ProjectConfigurationPlatforms) = postSolution
		{9654491D-ED08-45BC-9995-9EEC8EB8205F}.Debug|Any CPU.ActiveCfg = Debug|Any CPU
		{9654491D-ED08-45BC-9995-9EEC8EB8205F}.Debug|Any CPU.Build.0 = Debug|Any CPU
		{9654491D-ED08-45BC-9995-9EEC8EB8205F}.Release|Any CPU.ActiveCfg = Release|Any CPU
		{9654491D-ED08-45BC-9995-9EEC8EB8205F}.Release|Any CPU.Build.0 = Release|Any CPU
		{1C35F145-AF1F-43F4-8904-CCD7EC9052D3}.Debug|Any CPU.ActiveCfg = Debug|Any CPU
		{1C35F145-AF1F-43F4-8904-CCD7EC9052D3}.Debug|Any CPU.Build.0 = Debug|Any CPU
		{1C35F145-AF1F-43F4-8904-CCD7EC9052D3}.Release|Any CPU.ActiveCfg = Release|Any CPU
		{1C35F145-AF1F-43F4-8904-CCD7EC9052D3}.Release|Any CPU.Build.0 = Release|Any CPU
		{60ACEB70-8412-457B-B523-C0554A0C7263}.Debug|Any CPU.ActiveCfg = Debug|Any CPU
		{60ACEB70-8412-457B-B523-C0554A0C7263}.Debug|Any CPU.Build.0 = Debug|Any CPU
		{60ACEB70-8412-457B-B523-C0554A0C7263}.Release|Any CPU.ActiveCfg = Release|Any CPU
		{60ACEB70-8412-457B-B523-C0554A0C7263}.Release|Any CPU.Build.0 = Release|Any CPU
		{C4CDE752-B319-4DE8-B0F4-BA6AF55B6B60}.Debug|Any CPU.ActiveCfg = Debug|Any CPU
		{C4CDE752-B319-4DE8-B0F4-BA6AF55B6B60}.Debug|Any CPU.Build.0 = Debug|Any CPU
		{C4CDE752-B319-4DE8-B0F4-BA6AF55B6B60}.Release|Any CPU.ActiveCfg = Release|Any CPU
		{C4CDE752-B319-4DE8-B0F4-BA6AF55B6B60}.Release|Any CPU.Build.0 = Release|Any CPU
		{DFEA1CFD-4A7A-4F40-81A5-E8609956D27A}.Debug|Any CPU.ActiveCfg = Debug|Any CPU
		{DFEA1CFD-4A7A-4F40-81A5-E8609956D27A}.Debug|Any CPU.Build.0 = Debug|Any CPU
		{DFEA1CFD-4A7A-4F40-81A5-E8609956D27A}.Release|Any CPU.ActiveCfg = Release|Any CPU
		{DFEA1CFD-4A7A-4F40-81A5-E8609956D27A}.Release|Any CPU.Build.0 = Release|Any CPU
	EndGlobalSection
	GlobalSection(SolutionProperties) = preSolution
		HideSolutionNode = FALSE
	EndGlobalSection
	GlobalSection(ExtensibilityGlobals) = postSolution
		SolutionGuid = {7F2C1D18-44C2-4CE1-B1D9-D1F352E605D6}
	EndGlobalSection
EndGlobal
