
Microsoft Visual Studio Solution File, Format Version 12.00
# Visual Studio Version 17
VisualStudioVersion = 17.0.32112.339
MinimumVisualStudioVersion = 10.0.40219.1
Project("{9A19103F-16F7-4668-BE54-9A1E7A4F7556}") = "Hot.API.Client", "Hot.API.Client.csproj", "{6B2FA2B5-A93B-4690-938F-06779B847028}"
EndProject
Global
	GlobalSection(SolutionConfigurationPlatforms) = preSolution
		Debug|Any CPU = Debug|Any CPU
		Release|Any CPU = Release|Any CPU
	EndGlobalSection
	GlobalSection(ProjectConfigurationPlatforms) = postSolution
		{6B2FA2B5-A93B-4690-938F-06779B847028}.Debug|Any CPU.ActiveCfg = Debug|Any CPU
		{6B2FA2B5-A93B-4690-938F-06779B847028}.Debug|Any CPU.Build.0 = Debug|Any CPU
		{6B2FA2B5-A93B-4690-938F-06779B847028}.Release|Any CPU.ActiveCfg = Release|Any CPU
		{6B2FA2B5-A93B-4690-938F-06779B847028}.Release|Any CPU.Build.0 = Release|Any CPU
	EndGlobalSection
	GlobalSection(SolutionProperties) = preSolution
		HideSolutionNode = FALSE
	EndGlobalSection
	GlobalSection(ExtensibilityGlobals) = postSolution
		SolutionGuid = {F18B4D55-C72C-4664-96E7-CA45B96B4A7B}
	EndGlobalSection
EndGlobal
